
Microsoft Visual Studio Solution File, Format Version 12.00
# Visual Studio Version 17
VisualStudioVersion = 17.9.34728.123
MinimumVisualStudioVersion = 10.0.40219.1
Project("{9A19103F-16F7-4668-BE54-9A1E7A4F7556}") = "RentHome.Server", "Server\RentHome.Server.csproj", "{68F5981D-3AD4-4C58-AABD-20C3C9008B90}"
EndProject
Project("{9A19103F-16F7-4668-BE54-9A1E7A4F7556}") = "RentHome.Client", "Client\RentHome.Client.csproj", "{104BA8D9-883F-44F0-ADB2-EF548F8250BD}"
EndProject
Project("{9A19103F-16F7-4668-BE54-9A1E7A4F7556}") = "RentHome.Shared", "Shared\RentHome.Shared.csproj", "{6516E9EF-254D-482B-B4DB-F6CD0AFC4D43}"
EndProject
Global
	GlobalSection(SolutionConfigurationPlatforms) = preSolution
		Debug|Any CPU = Debug|Any CPU
		Release|Any CPU = Release|Any CPU
	EndGlobalSection
	GlobalSection(ProjectConfigurationPlatforms) = postSolution
		{68F5981D-3AD4-4C58-AABD-20C3C9008B90}.Debug|Any CPU.ActiveCfg = Debug|Any CPU
		{68F5981D-3AD4-4C58-AABD-20C3C9008B90}.Debug|Any CPU.Build.0 = Debug|Any CPU
		{68F5981D-3AD4-4C58-AABD-20C3C9008B90}.Release|Any CPU.ActiveCfg = Release|Any CPU
		{68F5981D-3AD4-4C58-AABD-20C3C9008B90}.Release|Any CPU.Build.0 = Release|Any CPU
		{104BA8D9-883F-44F0-ADB2-EF548F8250BD}.Debug|Any CPU.ActiveCfg = Debug|Any CPU
		{104BA8D9-883F-44F0-ADB2-EF548F8250BD}.Debug|Any CPU.Build.0 = Debug|Any CPU
		{104BA8D9-883F-44F0-ADB2-EF548F8250BD}.Release|Any CPU.ActiveCfg = Release|Any CPU
		{104BA8D9-883F-44F0-ADB2-EF548F8250BD}.Release|Any CPU.Build.0 = Release|Any CPU
		{6516E9EF-254D-482B-B4DB-F6CD0AFC4D43}.Debug|Any CPU.ActiveCfg = Debug|Any CPU
		{6516E9EF-254D-482B-B4DB-F6CD0AFC4D43}.Debug|Any CPU.Build.0 = Debug|Any CPU
		{6516E9EF-254D-482B-B4DB-F6CD0AFC4D43}.Release|Any CPU.ActiveCfg = Release|Any CPU
		{6516E9EF-254D-482B-B4DB-F6CD0AFC4D43}.Release|Any CPU.Build.0 = Release|Any CPU
	EndGlobalSection
	GlobalSection(SolutionProperties) = preSolution
		HideSolutionNode = FALSE
	EndGlobalSection
	GlobalSection(ExtensibilityGlobals) = postSolution
		SolutionGuid = {B461F851-E2EA-4B93-9F57-6D1271A088C6}
	EndGlobalSection
EndGlobal
